
Microsoft Visual Studio Solution File, Format Version 12.00
# Visual Studio Version 16
VisualStudioVersion = 16.0.29001.49
MinimumVisualStudioVersion = 10.0.40219.1
Project("{FAE04EC0-301F-11D3-BF4B-00C04F79EFBC}") = "AspNet_consumer_appln", "AspNet_consumer_appln\AspNet_consumer_appln.csproj", "{1027B5F1-136D-4548-9FE4-85530DF31FB8}"
EndProject
Global
	GlobalSection(SolutionConfigurationPlatforms) = preSolution
		Debug|Any CPU = Debug|Any CPU
		Release|Any CPU = Release|Any CPU
	EndGlobalSection
	GlobalSection(ProjectConfigurationPlatforms) = postSolution
		{1027B5F1-136D-4548-9FE4-85530DF31FB8}.Debug|Any CPU.ActiveCfg = Debug|Any CPU
		{1027B5F1-136D-4548-9FE4-85530DF31FB8}.Debug|Any CPU.Build.0 = Debug|Any CPU
		{1027B5F1-136D-4548-9FE4-85530DF31FB8}.Release|Any CPU.ActiveCfg = Release|Any CPU
		{1027B5F1-136D-4548-9FE4-85530DF31FB8}.Release|Any CPU.Build.0 = Release|Any CPU
	EndGlobalSection
	GlobalSection(SolutionProperties) = preSolution
		HideSolutionNode = FALSE
	EndGlobalSection
	GlobalSection(ExtensibilityGlobals) = postSolution
		SolutionGuid = {8C9CD776-78B8-45BD-8C00-362A74A52B69}
	EndGlobalSection
EndGlobal
